{
  "name": "callquarry",
  "version": "0.1.0",
  "lockfileVersion": 3,
  "requires": true,
  "packages": {
    "": {
      "name": "callquarry",
      "version": "0.1.0",
      "license": "MIT",
      "bin": {
        "callquarry": "scripts/callquarry.mjs"
      },
      "engines": {
        "node": ">=20"
      }
    }
  }
}
